
Microsoft Visual Studio Solution File, Format Version 12.00
# Visual Studio 15
VisualStudioVersion = 15.0.26730.16
MinimumVisualStudioVersion = 10.0.40219.1
Project("{8BC9CEB8-8B4A-11D0-8D11-00A0C91BC942}") = "Lab2", "Lab2\Lab2.vcxproj", "{C1F0AA08-CFCE-4643-8F16-D6FE2BB6DF9B}"
EndProject
Project("{8BC9CEB8-8B4A-11D0-8D11-00A0C91BC942}") = "UnitTest1", "UnitTest1\UnitTest1.vcxproj", "{DA794B63-5A20-4FBD-A875-B860BE6988FE}"
EndProject
Global
	GlobalSection(SolutionConfigurationPlatforms) = preSolution
		Debug|x64 = Debug|x64
		Debug|x86 = Debug|x86
		Release|x64 = Release|x64
		Release|x86 = Release|x86
	EndGlobalSection
	GlobalSection(ProjectConfigurationPlatforms) = postSolution
		{C1F0AA08-CFCE-4643-8F16-D6FE2BB6DF9B}.Debug|x64.ActiveCfg = Debug|x64
		{C1F0AA08-CFCE-4643-8F16-D6FE2BB6DF9B}.Debug|x64.Build.0 = Debug|x64
		{C1F0AA08-CFCE-4643-8F16-D6FE2BB6DF9B}.Debug|x86.ActiveCfg = Debug|Win32
		{C1F0AA08-CFCE-4643-8F16-D6FE2BB6DF9B}.Debug|x86.Build.0 = Debug|Win32
		{C1F0AA08-CFCE-4643-8F16-D6FE2BB6DF9B}.Release|x64.ActiveCfg = Release|x64
		{C1F0AA08-CFCE-4643-8F16-D6FE2BB6DF9B}.Release|x64.Build.0 = Release|x64
		{C1F0AA08-CFCE-4643-8F16-D6FE2BB6DF9B}.Release|x86.ActiveCfg = Release|Win32
		{C1F0AA08-CFCE-4643-8F16-D6FE2BB6DF9B}.Release|x86.Build.0 = Release|Win32
		{DA794B63-5A20-4FBD-A875-B860BE6988FE}.Debug|x64.ActiveCfg = Debug|x64
		{DA794B63-5A20-4FBD-A875-B860BE6988FE}.Debug|x64.Build.0 = Debug|x64
		{DA794B63-5A20-4FBD-A875-B860BE6988FE}.Debug|x86.ActiveCfg = Debug|Win32
		{DA794B63-5A20-4FBD-A875-B860BE6988FE}.Debug|x86.Build.0 = Debug|Win32
		{DA794B63-5A20-4FBD-A875-B860BE6988FE}.Release|x64.ActiveCfg = Release|x64
		{DA794B63-5A20-4FBD-A875-B860BE6988FE}.Release|x64.Build.0 = Release|x64
		{DA794B63-5A20-4FBD-A875-B860BE6988FE}.Release|x86.ActiveCfg = Release|Win32
		{DA794B63-5A20-4FBD-A875-B860BE6988FE}.Release|x86.Build.0 = Release|Win32
	EndGlobalSection
	GlobalSection(SolutionProperties) = preSolution
		HideSolutionNode = FALSE
	EndGlobalSection
	GlobalSection(ExtensibilityGlobals) = postSolution
		SolutionGuid = {DBB38D61-1785-48EB-ADD8-45E9D59D5C28}
	EndGlobalSection
EndGlobal
